
Microsoft Visual Studio Solution File, Format Version 12.00
# Visual Studio 15
VisualStudioVersion = 15.0.27130.2010
MinimumVisualStudioVersion = 10.0.40219.1
Project("{FAE04EC0-301F-11D3-BF4B-00C04F79EFBC}") = "WifiRanger", "WifiRanger\WifiRanger.csproj", "{7BD2B8D4-8BF5-4BB5-89D7-F05A45B66321}"
EndProject
Global
	GlobalSection(SolutionConfigurationPlatforms) = preSolution
		Debug|Any CPU = Debug|Any CPU
		DefaultBuild|Any CPU = DefaultBuild|Any CPU
		Release|Any CPU = Release|Any CPU
	EndGlobalSection
	GlobalSection(ProjectConfigurationPlatforms) = postSolution
		{7BD2B8D4-8BF5-4BB5-89D7-F05A45B66321}.Debug|Any CPU.ActiveCfg = Debug|Any CPU
		{7BD2B8D4-8BF5-4BB5-89D7-F05A45B66321}.Debug|Any CPU.Build.0 = Debug|Any CPU
		{7BD2B8D4-8BF5-4BB5-89D7-F05A45B66321}.DefaultBuild|Any CPU.ActiveCfg = Debug|Any CPU
		{7BD2B8D4-8BF5-4BB5-89D7-F05A45B66321}.DefaultBuild|Any CPU.Build.0 = Debug|Any CPU
		{7BD2B8D4-8BF5-4BB5-89D7-F05A45B66321}.Release|Any CPU.ActiveCfg = Release|Any CPU
		{7BD2B8D4-8BF5-4BB5-89D7-F05A45B66321}.Release|Any CPU.Build.0 = Release|Any CPU
	EndGlobalSection
	GlobalSection(SolutionProperties) = preSolution
		HideSolutionNode = FALSE
	EndGlobalSection
	GlobalSection(ExtensibilityGlobals) = postSolution
		SolutionGuid = {7BA8A317-C0A5-45E9-901F-D79AE29FB812}
	EndGlobalSection
EndGlobal
